{
  "nodes": {
    "nixpkgs": {
      "locked": {
        "lastModified": 1625416943,
        "narHash": "sha256-POpROim8/7g5SbtHXlAr4z4OkeFjj9rofJcysU6t++0=",
        "owner": "NixOS",
        "repo": "nixpkgs",
        "rev": "d618e6a675bd9fd83db814c77f216bdf311f301c",
        "type": "github"
      },
      "original": {
        "owner": "NixOS",
        "repo": "nixpkgs",
        "type": "github"
      }
    },
    "root": {
      "inputs": {
        "nixpkgs": "nixpkgs",
        "utils": "utils"
      }
    },
    "utils": {
      "locked": {
        "lastModified": 1623875721,
        "narHash": "sha256-A8BU7bjS5GirpAUv4QA+QnJ4CceLHkcXdRp4xITDB0s=",
        "owner": "numtide",
        "repo": "flake-utils",
        "rev": "f7e004a55b120c02ecb6219596820fcd32ca8772",
        "type": "github"
      },
      "original": {
        "owner": "numtide",
        "repo": "flake-utils",
        "type": "github"
      }
    }
  },
  "root": "root",
  "version": 7
}
